
Microsoft Visual Studio Solution File, Format Version 12.00
# Visual Studio Version 17
VisualStudioVersion = 17.14.36429.23
MinimumVisualStudioVersion = 10.0.40219.1
Project("{2150E333-8FDC-42A3-9474-1A3956D46DE8}") = "Task0", "Task0", "{02EA681E-C7D8-13C7-8484-4AC65E1B71E8}"
EndProject
Project("{FAE04EC0-301F-11D3-BF4B-00C04F79EFBC}") = "Tyuiu.RomanovichEN.Sprint0.Task0.V0", "Tyuiu.RomanovichEN.Sprint0.Task0.V0\Tyuiu.RomanovichEN.Sprint0.Task0.V0.csproj", "{486CC307-6CD1-4211-A732-308C52E9641C}"
EndProject
Project("{2150E333-8FDC-42A3-9474-1A3956D46DE8}") = "Task1", "Task1", "{3BF940F9-834E-4837-BBC3-1B3570AE6313}"
EndProject
Project("{FAE04EC0-301F-11D3-BF4B-00C04F79EFBC}") = "Tyuiu.RomanovichEN.Sprint0.Task1.V0", "Tyuiu.RomanovichEN.Sprint0.Task1.V0\Tyuiu.RomanovichEN.Sprint0.Task1.V0.csproj", "{5C8B51C5-6426-4F7A-941E-322EFA1A854F}"
EndProject
Project("{2150E333-8FDC-42A3-9474-1A3956D46DE8}") = "Task2", "Task2", "{85B904CC-5AE4-47D4-A4E2-378F35150452}"
EndProject
Project("{FAE04EC0-301F-11D3-BF4B-00C04F79EFBC}") = "Tyuiu.RomanovichEN.Sprint0.Task2.V0", "Tyuiu.RomanovichEN.Sprint0.Task2.V0\Tyuiu.RomanovichEN.Sprint0.Task2.V0.csproj", "{CD4CB4B6-B27C-4925-963C-B8073EDBF1A7}"
EndProject
Project("{FAE04EC0-301F-11D3-BF4B-00C04F79EFBC}") = "Tyuiu.RomanovichEN.Sprint0.Task2.V0.Lib", "Tyuiu.RomanovichEN.Sprint0.Task2.V0.Lib\Tyuiu.RomanovichEN.Sprint0.Task2.V0.Lib.csproj", "{54CE180D-3E67-41A0-910F-02975E49E709}"
EndProject
Project("{FAE04EC0-301F-11D3-BF4B-00C04F79EFBC}") = "Tyuiu.RomanovichEN.Sprint0.Task2.V0.Test", "Tyuiu.RomanovichEN.Sprint0.Task2.V0.Test\Tyuiu.RomanovichEN.Sprint0.Task2.V0.Test.csproj", "{DEB78317-C337-4D99-970B-968B9C90D3F4}"
EndProject
Project("{2150E333-8FDC-42A3-9474-1A3956D46DE8}") = "Task3", "Task3", "{36C1192B-E43D-4EE7-AAB5-BA26F398CF99}"
EndProject
Project("{FAE04EC0-301F-11D3-BF4B-00C04F79EFBC}") = "Tyuiu.RomanovichEN.Sprint0.Task3.V0", "Tyuiu.RomanovichEN.Sprint0.Task3.V0\Tyuiu.RomanovichEN.Sprint0.Task3.V0.csproj", "{9EB650D4-8D99-46AE-B494-4EE2E00290D0}"
EndProject
Project("{FAE04EC0-301F-11D3-BF4B-00C04F79EFBC}") = "Tyuiu.RomanovichEN.Sprint0.Task3.V0.Lib", "Tyuiu.RomanovichEN.Sprint0.Task3.V0.Lib\Tyuiu.RomanovichEN.Sprint0.Task3.V0.Lib.csproj", "{70B11B68-D8A0-4AB8-99B8-270F8F3D12EF}"
EndProject
Project("{FAE04EC0-301F-11D3-BF4B-00C04F79EFBC}") = "Tyuiu.RomanovichEN.Sprint0.Task3.V0.Test", "Tyuiu.RomanovichEN.Sprint0.Task3.V0.Test\Tyuiu.RomanovichEN.Sprint0.Task3.V0.Test.csproj", "{3E9FCA36-12C4-46DD-A784-5E55DFC260AD}"
EndProject
Project("{2150E333-8FDC-42A3-9474-1A3956D46DE8}") = "Task4", "Task4", "{489DFAAF-DAFA-49B1-9B13-823D5A45D7A8}"
EndProject
Project("{FAE04EC0-301F-11D3-BF4B-00C04F79EFBC}") = "Tyuiu.RomanovichEN.Sprint0.Task4.V0", "Tyuiu.RomanovichEN.Sprint0.Task4.V0\Tyuiu.RomanovichEN.Sprint0.Task4.V0.csproj", "{62B75A2A-916F-46C5-844A-36F749730196}"
EndProject
Project("{FAE04EC0-301F-11D3-BF4B-00C04F79EFBC}") = "Tyuiu.RomanovichEN.Sprint0.Task4.V0.Lib", "Tyuiu.RomanovichEN.Sprint0.Task4.V0.Lib\Tyuiu.RomanovichEN.Sprint0.Task4.V0.Lib.csproj", "{3120359B-1E18-4524-B9E5-C17AAA7034DE}"
EndProject
Project("{FAE04EC0-301F-11D3-BF4B-00C04F79EFBC}") = "Tyuiu.RomanovichEN.Sprint0.Task4.V0.Test", "Tyuiu.RomanovichEN.Sprint0.Task4.V0.Test\Tyuiu.RomanovichEN.Sprint0.Task4.V0.Test.csproj", "{23C7C28C-EFEA-4A59-92BC-23743A13B2C3}"
EndProject
Project("{2150E333-8FDC-42A3-9474-1A3956D46DE8}") = "Task5", "Task5", "{D4EA2B77-8512-44B7-84F3-147AC0787D98}"
EndProject
Project("{FAE04EC0-301F-11D3-BF4B-00C04F79EFBC}") = "Tyuiu.RomanovichEN.Sprint0.Task5.V0", "Tyuiu.RomanovichEN.Sprint0.Task5.V0\Tyuiu.RomanovichEN.Sprint0.Task5.V0.csproj", "{9A6BE890-1753-4989-94BE-F5080E587403}"
EndProject
Project("{FAE04EC0-301F-11D3-BF4B-00C04F79EFBC}") = "Tyuiu.RomanovichEN.Sprint0.Task5.V0.Lib", "Tyuiu.RomanovichEN.Sprint0.Task5.V0.Lib\Tyuiu.RomanovichEN.Sprint0.Task5.V0.Lib.csproj", "{572849C1-A7BA-4C91-9D22-48801FC489CC}"
EndProject
Project("{FAE04EC0-301F-11D3-BF4B-00C04F79EFBC}") = "Tyuiu.RomanovichEN.Sprint0.Task5.V0.Test", "Tyuiu.RomanovichEN.Sprint0.Task5.V0.Test\Tyuiu.RomanovichEN.Sprint0.Task5.V0.Test.csproj", "{2C89B9A7-C7C6-4766-9488-157F8D4F6EAE}"
EndProject
Project("{2150E333-8FDC-42A3-9474-1A3956D46DE8}") = "Task6", "Task6", "{B3A4F47B-E6CF-4F2F-8795-2F33B9E7E79F}"
EndProject
Project("{FAE04EC0-301F-11D3-BF4B-00C04F79EFBC}") = "Tyuiu.RomanovichEN.Sprint0.Task6.V0", "Tyuiu.RomanovichEN.Sprint0.Task6.V0\Tyuiu.RomanovichEN.Sprint0.Task6.V0.csproj", "{422A444D-6127-4513-B122-C0727168CAE3}"
EndProject
Project("{FAE04EC0-301F-11D3-BF4B-00C04F79EFBC}") = "Tyuiu.RomanovichEN.Sprint0.Task6.V0.Lib", "Tyuiu.RomanovichEN.Sprint0.Task6.V0.Lib\Tyuiu.RomanovichEN.Sprint0.Task6.V0.Lib.csproj", "{DD82E672-32F9-413F-9CAF-BA05CC2BD12E}"
EndProject
Project("{FAE04EC0-301F-11D3-BF4B-00C04F79EFBC}") = "Tyuiu.RomanovichEN.Sprint0.Task6.V0.Test", "Tyuiu.RomanovichEN.Sprint0.Task6.V0.Test\Tyuiu.RomanovichEN.Sprint0.Task6.V0.Test.csproj", "{0BD1AE55-7610-4439-A220-61F676BD0046}"
EndProject
Global
	GlobalSection(SolutionConfigurationPlatforms) = preSolution
		Debug|Any CPU = Debug|Any CPU
		Release|Any CPU = Release|Any CPU
	EndGlobalSection
	GlobalSection(ProjectConfigurationPlatforms) = postSolution
		{486CC307-6CD1-4211-A732-308C52E9641C}.Debug|Any CPU.ActiveCfg = Debug|Any CPU
		{486CC307-6CD1-4211-A732-308C52E9641C}.Debug|Any CPU.Build.0 = Debug|Any CPU
		{486CC307-6CD1-4211-A732-308C52E9641C}.Release|Any CPU.ActiveCfg = Release|Any CPU
		{486CC307-6CD1-4211-A732-308C52E9641C}.Release|Any CPU.Build.0 = Release|Any CPU
		{5C8B51C5-6426-4F7A-941E-322EFA1A854F}.Debug|Any CPU.ActiveCfg = Debug|Any CPU
		{5C8B51C5-6426-4F7A-941E-322EFA1A854F}.Debug|Any CPU.Build.0 = Debug|Any CPU
		{5C8B51C5-6426-4F7A-941E-322EFA1A854F}.Release|Any CPU.ActiveCfg = Release|Any CPU
		{5C8B51C5-6426-4F7A-941E-322EFA1A854F}.Release|Any CPU.Build.0 = Release|Any CPU
		{CD4CB4B6-B27C-4925-963C-B8073EDBF1A7}.Debug|Any CPU.ActiveCfg = Debug|Any CPU
		{CD4CB4B6-B27C-4925-963C-B8073EDBF1A7}.Debug|Any CPU.Build.0 = Debug|Any CPU
		{CD4CB4B6-B27C-4925-963C-B8073EDBF1A7}.Release|Any CPU.ActiveCfg = Release|Any CPU
		{CD4CB4B6-B27C-4925-963C-B8073EDBF1A7}.Release|Any CPU.Build.0 = Release|Any CPU
		{54CE180D-3E67-41A0-910F-02975E49E709}.Debug|Any CPU.ActiveCfg = Debug|Any CPU
		{54CE180D-3E67-41A0-910F-02975E49E709}.Debug|Any CPU.Build.0 = Debug|Any CPU
		{54CE180D-3E67-41A0-910F-02975E49E709}.Release|Any CPU.ActiveCfg = Release|Any CPU
		{54CE180D-3E67-41A0-910F-02975E49E709}.Release|Any CPU.Build.0 = Release|Any CPU
		{DEB78317-C337-4D99-970B-968B9C90D3F4}.Debug|Any CPU.ActiveCfg = Debug|Any CPU
		{DEB78317-C337-4D99-970B-968B9C90D3F4}.Debug|Any CPU.Build.0 = Debug|Any CPU
		{DEB78317-C337-4D99-970B-968B9C90D3F4}.Release|Any CPU.ActiveCfg = Release|Any CPU
		{DEB78317-C337-4D99-970B-968B9C90D3F4}.Release|Any CPU.Build.0 = Release|Any CPU
		{9EB650D4-8D99-46AE-B494-4EE2E00290D0}.Debug|Any CPU.ActiveCfg = Debug|Any CPU
		{9EB650D4-8D99-46AE-B494-4EE2E00290D0}.Debug|Any CPU.Build.0 = Debug|Any CPU
		{9EB650D4-8D99-46AE-B494-4EE2E00290D0}.Release|Any CPU.ActiveCfg = Release|Any CPU
		{9EB650D4-8D99-46AE-B494-4EE2E00290D0}.Release|Any CPU.Build.0 = Release|Any CPU
		{70B11B68-D8A0-4AB8-99B8-270F8F3D12EF}.Debug|Any CPU.ActiveCfg = Debug|Any CPU
		{70B11B68-D8A0-4AB8-99B8-270F8F3D12EF}.Debug|Any CPU.Build.0 = Debug|Any CPU
		{70B11B68-D8A0-4AB8-99B8-270F8F3D12EF}.Release|Any CPU.ActiveCfg = Release|Any CPU
		{70B11B68-D8A0-4AB8-99B8-270F8F3D12EF}.Release|Any CPU.Build.0 = Release|Any CPU
		{3E9FCA36-12C4-46DD-A784-5E55DFC260AD}.Debug|Any CPU.ActiveCfg = Debug|Any CPU
		{3E9FCA36-12C4-46DD-A784-5E55DFC260AD}.Debug|Any CPU.Build.0 = Debug|Any CPU
		{3E9FCA36-12C4-46DD-A784-5E55DFC260AD}.Release|Any CPU.ActiveCfg = Release|Any CPU
		{3E9FCA36-12C4-46DD-A784-5E55DFC260AD}.Release|Any CPU.Build.0 = Release|Any CPU
		{62B75A2A-916F-46C5-844A-36F749730196}.Debug|Any CPU.ActiveCfg = Debug|Any CPU
		{62B75A2A-916F-46C5-844A-36F749730196}.Debug|Any CPU.Build.0 = Debug|Any CPU
		{62B75A2A-916F-46C5-844A-36F749730196}.Release|Any CPU.ActiveCfg = Release|Any CPU
		{62B75A2A-916F-46C5-844A-36F749730196}.Release|Any CPU.Build.0 = Release|Any CPU
		{3120359B-1E18-4524-B9E5-C17AAA7034DE}.Debug|Any CPU.ActiveCfg = Debug|Any CPU
		{3120359B-1E18-4524-B9E5-C17AAA7034DE}.Debug|Any CPU.Build.0 = Debug|Any CPU
		{3120359B-1E18-4524-B9E5-C17AAA7034DE}.Release|Any CPU.ActiveCfg = Release|Any CPU
		{3120359B-1E18-4524-B9E5-C17AAA7034DE}.Release|Any CPU.Build.0 = Release|Any CPU
		{23C7C28C-EFEA-4A59-92BC-23743A13B2C3}.Debug|Any CPU.ActiveCfg = Debug|Any CPU
		{23C7C28C-EFEA-4A59-92BC-23743A13B2C3}.Debug|Any CPU.Build.0 = Debug|Any CPU
		{23C7C28C-EFEA-4A59-92BC-23743A13B2C3}.Release|Any CPU.ActiveCfg = Release|Any CPU
		{23C7C28C-EFEA-4A59-92BC-23743A13B2C3}.Release|Any CPU.Build.0 = Release|Any CPU
		{9A6BE890-1753-4989-94BE-F5080E587403}.Debug|Any CPU.ActiveCfg = Debug|Any CPU
		{9A6BE890-1753-4989-94BE-F5080E587403}.Debug|Any CPU.Build.0 = Debug|Any CPU
		{9A6BE890-1753-4989-94BE-F5080E587403}.Release|Any CPU.ActiveCfg = Release|Any CPU
		{9A6BE890-1753-4989-94BE-F5080E587403}.Release|Any CPU.Build.0 = Release|Any CPU
		{572849C1-A7BA-4C91-9D22-48801FC489CC}.Debug|Any CPU.ActiveCfg = Debug|Any CPU
		{572849C1-A7BA-4C91-9D22-48801FC489CC}.Debug|Any CPU.Build.0 = Debug|Any CPU
		{572849C1-A7BA-4C91-9D22-48801FC489CC}.Release|Any CPU.ActiveCfg = Release|Any CPU
		{572849C1-A7BA-4C91-9D22-48801FC489CC}.Release|Any CPU.Build.0 = Release|Any CPU
		{2C89B9A7-C7C6-4766-9488-157F8D4F6EAE}.Debug|Any CPU.ActiveCfg = Debug|Any CPU
		{2C89B9A7-C7C6-4766-9488-157F8D4F6EAE}.Debug|Any CPU.Build.0 = Debug|Any CPU
		{2C89B9A7-C7C6-4766-9488-157F8D4F6EAE}.Release|Any CPU.ActiveCfg = Release|Any CPU
		{2C89B9A7-C7C6-4766-9488-157F8D4F6EAE}.Release|Any CPU.Build.0 = Release|Any CPU
		{422A444D-6127-4513-B122-C0727168CAE3}.Debug|Any CPU.ActiveCfg = Debug|Any CPU
		{422A444D-6127-4513-B122-C0727168CAE3}.Debug|Any CPU.Build.0 = Debug|Any CPU
		{422A444D-6127-4513-B122-C0727168CAE3}.Release|Any CPU.ActiveCfg = Release|Any CPU
		{422A444D-6127-4513-B122-C0727168CAE3}.Release|Any CPU.Build.0 = Release|Any CPU
		{DD82E672-32F9-413F-9CAF-BA05CC2BD12E}.Debug|Any CPU.ActiveCfg = Debug|Any CPU
		{DD82E672-32F9-413F-9CAF-BA05CC2BD12E}.Debug|Any CPU.Build.0 = Debug|Any CPU
		{DD82E672-32F9-413F-9CAF-BA05CC2BD12E}.Release|Any CPU.ActiveCfg = Release|Any CPU
		{DD82E672-32F9-413F-9CAF-BA05CC2BD12E}.Release|Any CPU.Build.0 = Release|Any CPU
		{0BD1AE55-7610-4439-A220-61F676BD0046}.Debug|Any CPU.ActiveCfg = Debug|Any CPU
		{0BD1AE55-7610-4439-A220-61F676BD0046}.Debug|Any CPU.Build.0 = Debug|Any CPU
		{0BD1AE55-7610-4439-A220-61F676BD0046}.Release|Any CPU.ActiveCfg = Release|Any CPU
		{0BD1AE55-7610-4439-A220-61F676BD0046}.Release|Any CPU.Build.0 = Release|Any CPU
	EndGlobalSection
	GlobalSection(SolutionProperties) = preSolution
		HideSolutionNode = FALSE
	EndGlobalSection
	GlobalSection(NestedProjects) = preSolution
		{486CC307-6CD1-4211-A732-308C52E9641C} = {02EA681E-C7D8-13C7-8484-4AC65E1B71E8}
		{5C8B51C5-6426-4F7A-941E-322EFA1A854F} = {3BF940F9-834E-4837-BBC3-1B3570AE6313}
		{CD4CB4B6-B27C-4925-963C-B8073EDBF1A7} = {85B904CC-5AE4-47D4-A4E2-378F35150452}
		{54CE180D-3E67-41A0-910F-02975E49E709} = {85B904CC-5AE4-47D4-A4E2-378F35150452}
		{DEB78317-C337-4D99-970B-968B9C90D3F4} = {85B904CC-5AE4-47D4-A4E2-378F35150452}
		{9EB650D4-8D99-46AE-B494-4EE2E00290D0} = {36C1192B-E43D-4EE7-AAB5-BA26F398CF99}
		{70B11B68-D8A0-4AB8-99B8-270F8F3D12EF} = {36C1192B-E43D-4EE7-AAB5-BA26F398CF99}
		{3E9FCA36-12C4-46DD-A784-5E55DFC260AD} = {36C1192B-E43D-4EE7-AAB5-BA26F398CF99}
		{62B75A2A-916F-46C5-844A-36F749730196} = {489DFAAF-DAFA-49B1-9B13-823D5A45D7A8}
		{3120359B-1E18-4524-B9E5-C17AAA7034DE} = {489DFAAF-DAFA-49B1-9B13-823D5A45D7A8}
		{23C7C28C-EFEA-4A59-92BC-23743A13B2C3} = {489DFAAF-DAFA-49B1-9B13-823D5A45D7A8}
		{9A6BE890-1753-4989-94BE-F5080E587403} = {D4EA2B77-8512-44B7-84F3-147AC0787D98}
		{572849C1-A7BA-4C91-9D22-48801FC489CC} = {D4EA2B77-8512-44B7-84F3-147AC0787D98}
		{2C89B9A7-C7C6-4766-9488-157F8D4F6EAE} = {D4EA2B77-8512-44B7-84F3-147AC0787D98}
		{422A444D-6127-4513-B122-C0727168CAE3} = {B3A4F47B-E6CF-4F2F-8795-2F33B9E7E79F}
		{DD82E672-32F9-413F-9CAF-BA05CC2BD12E} = {B3A4F47B-E6CF-4F2F-8795-2F33B9E7E79F}
		{0BD1AE55-7610-4439-A220-61F676BD0046} = {B3A4F47B-E6CF-4F2F-8795-2F33B9E7E79F}
	EndGlobalSection
	GlobalSection(ExtensibilityGlobals) = postSolution
		SolutionGuid = {C207855E-4116-443A-8759-B567B9B5E695}
	EndGlobalSection
EndGlobal
